
Microsoft Visual Studio Solution File, Format Version 12.00
# Visual Studio Version 17
VisualStudioVersion = 17.7.34031.279
MinimumVisualStudioVersion = 10.0.40219.1
Project("{FAE04EC0-301F-11D3-BF4B-00C04F79EFBC}") = "Phone Book App", "Phone Book App.csproj", "{C278299D-BFF1-41FE-91BB-2A5080B99B41}"
EndProject
Global
	GlobalSection(SolutionConfigurationPlatforms) = preSolution
		Debug|Any CPU = Debug|Any CPU
		Release|Any CPU = Release|Any CPU
	EndGlobalSection
	GlobalSection(ProjectConfigurationPlatforms) = postSolution
		{C278299D-BFF1-41FE-91BB-2A5080B99B41}.Debug|Any CPU.ActiveCfg = Debug|Any CPU
		{C278299D-BFF1-41FE-91BB-2A5080B99B41}.Debug|Any CPU.Build.0 = Debug|Any CPU
		{C278299D-BFF1-41FE-91BB-2A5080B99B41}.Release|Any CPU.ActiveCfg = Release|Any CPU
		{C278299D-BFF1-41FE-91BB-2A5080B99B41}.Release|Any CPU.Build.0 = Release|Any CPU
	EndGlobalSection
	GlobalSection(SolutionProperties) = preSolution
		HideSolutionNode = FALSE
	EndGlobalSection
	GlobalSection(ExtensibilityGlobals) = postSolution
		SolutionGuid = {4D3F16AB-9305-4315-8439-EE800D93568C}
	EndGlobalSection
EndGlobal
